
Microsoft Visual Studio Solution File, Format Version 12.00
# Visual Studio Version 17
VisualStudioVersion = 17.14.36109.1 d17.14
MinimumVisualStudioVersion = 10.0.40219.1
Project("{FAE04EC0-301F-11D3-BF4B-00C04F79EFBC}") = "AttendenceSystem", "AttendenceSystem\AttendenceSystem.csproj", "{A6A592F0-D596-4075-8117-E56C21C7CC69}"
EndProject
Global
	GlobalSection(SolutionConfigurationPlatforms) = preSolution
		Debug|Any CPU = Debug|Any CPU
		Release|Any CPU = Release|Any CPU
	EndGlobalSection
	GlobalSection(ProjectConfigurationPlatforms) = postSolution
		{A6A592F0-D596-4075-8117-E56C21C7CC69}.Debug|Any CPU.ActiveCfg = Debug|Any CPU
		{A6A592F0-D596-4075-8117-E56C21C7CC69}.Debug|Any CPU.Build.0 = Debug|Any CPU
		{A6A592F0-D596-4075-8117-E56C21C7CC69}.Release|Any CPU.ActiveCfg = Release|Any CPU
		{A6A592F0-D596-4075-8117-E56C21C7CC69}.Release|Any CPU.Build.0 = Release|Any CPU
	EndGlobalSection
	GlobalSection(SolutionProperties) = preSolution
		HideSolutionNode = FALSE
	EndGlobalSection
	GlobalSection(ExtensibilityGlobals) = postSolution
		SolutionGuid = {3D7FF88D-CE33-442B-A65F-C0AF553A981B}
	EndGlobalSection
EndGlobal
